
Microsoft Visual Studio Solution File, Format Version 12.00
# Visual Studio 14
VisualStudioVersion = 14.0.25420.1
MinimumVisualStudioVersion = 10.0.40219.1
Project("{2150E333-8FDC-42A3-9474-1A3956D46DE8}") = "Solution Items", "Solution Items", "{F6A44898-34BC-4B76-8CAF-A6D9960DE640}"
	ProjectSection(SolutionItems) = preProject
		global.json = global.json
		index.html = index.html
		LICENSE = LICENSE
		nuget.config = nuget.config
		params.json = params.json
		README.md = README.md
		stylecop.json = stylecop.json
		stylecop.ruleset = stylecop.ruleset
	EndProjectSection
EndProject
Project("{8BB2217D-0F2D-49D1-97BC-3654ED321F3B}") = "VarChecker", "src\VarChecker\VarChecker.xproj", "{E424053E-EC34-4A8B-8112-F679F699AB38}"
EndProject
Project("{2150E333-8FDC-42A3-9474-1A3956D46DE8}") = "src", "src", "{03047E0E-CE31-4E9F-A41F-2C80509E18C7}"
EndProject
Project("{2150E333-8FDC-42A3-9474-1A3956D46DE8}") = "test", "test", "{97D23DA1-9DE2-499D-83E6-E5B9FB31D7B4}"
EndProject
Project("{8BB2217D-0F2D-49D1-97BC-3654ED321F3B}") = "VarChecker.Test", "test\VarChecker.Test\VarChecker.Test.xproj", "{3AC73906-6859-49DB-B6DA-AD2F1CE6CBFC}"
EndProject
Project("{2150E333-8FDC-42A3-9474-1A3956D46DE8}") = "build", "build", "{3D674067-5F02-4C4E-82C0-02D23E4F8E16}"
	ProjectSection(SolutionItems) = preProject
		commands.json = commands.json
		build\pack.bat = build\pack.bat
		build\push.bat = build\push.bat
		build\varchecker.png = build\varchecker.png
		build\varchecker.svg = build\varchecker.svg
	EndProjectSection
EndProject
Project("{2150E333-8FDC-42A3-9474-1A3956D46DE8}") = "docs", "docs", "{0F17590F-0CD9-4559-AA1F-3CE90CC919F6}"
EndProject
Global
	GlobalSection(SolutionConfigurationPlatforms) = preSolution
		Debug|Any CPU = Debug|Any CPU
		Release|Any CPU = Release|Any CPU
	EndGlobalSection
	GlobalSection(ProjectConfigurationPlatforms) = postSolution
		{E424053E-EC34-4A8B-8112-F679F699AB38}.Debug|Any CPU.ActiveCfg = Debug|Any CPU
		{E424053E-EC34-4A8B-8112-F679F699AB38}.Debug|Any CPU.Build.0 = Debug|Any CPU
		{E424053E-EC34-4A8B-8112-F679F699AB38}.Release|Any CPU.ActiveCfg = Release|Any CPU
		{E424053E-EC34-4A8B-8112-F679F699AB38}.Release|Any CPU.Build.0 = Release|Any CPU
		{3AC73906-6859-49DB-B6DA-AD2F1CE6CBFC}.Debug|Any CPU.ActiveCfg = Debug|Any CPU
		{3AC73906-6859-49DB-B6DA-AD2F1CE6CBFC}.Debug|Any CPU.Build.0 = Debug|Any CPU
		{3AC73906-6859-49DB-B6DA-AD2F1CE6CBFC}.Release|Any CPU.ActiveCfg = Release|Any CPU
		{3AC73906-6859-49DB-B6DA-AD2F1CE6CBFC}.Release|Any CPU.Build.0 = Release|Any CPU
	EndGlobalSection
	GlobalSection(SolutionProperties) = preSolution
		HideSolutionNode = FALSE
	EndGlobalSection
	GlobalSection(NestedProjects) = preSolution
		{E424053E-EC34-4A8B-8112-F679F699AB38} = {03047E0E-CE31-4E9F-A41F-2C80509E18C7}
		{3AC73906-6859-49DB-B6DA-AD2F1CE6CBFC} = {97D23DA1-9DE2-499D-83E6-E5B9FB31D7B4}
		{3D674067-5F02-4C4E-82C0-02D23E4F8E16} = {F6A44898-34BC-4B76-8CAF-A6D9960DE640}
	EndGlobalSection
EndGlobal
